// !$*UTF8*$!
{
	archiveVersion = 1;
	classes = {
	};
	objectVersion = 48;
	objects = {

/* Begin PBXBuildFile section */
		24A9E3EB83189CB8087EF120 /* Pods_BabylonHealthDemo.framework in Frameworks */ = {isa = PBXBuildFile; fileRef = DA03445E2F15C3BC1A94A015 /* Pods_BabylonHealthDemo.framework */; };
		56131E251FA479BC00B9CB01 /* BabylonHealthDatabaseAPI.swift in Sources */ = {isa = PBXBuildFile; fileRef = 56131E241FA479BC00B9CB01 /* BabylonHealthDatabaseAPI.swift */; };
		56131E271FA486AC00B9CB01 /* GoogleService-Info.plist in Resources */ = {isa = PBXBuildFile; fileRef = 56131E261FA486AC00B9CB01 /* GoogleService-Info.plist */; };
		56131E291FA4991D00B9CB01 /* Encodable+Collections.swift in Sources */ = {isa = PBXBuildFile; fileRef = 56131E281FA4991D00B9CB01 /* Encodable+Collections.swift */; };
		56131E2B1FA4A1D600B9CB01 /* DatabaseConfiguration.swift in Sources */ = {isa = PBXBuildFile; fileRef = 56131E2A1FA4A1D600B9CB01 /* DatabaseConfiguration.swift */; };
		56131E2D1FA4A22B00B9CB01 /* DatabaseService+Config.swift in Sources */ = {isa = PBXBuildFile; fileRef = 56131E2C1FA4A22B00B9CB01 /* DatabaseService+Config.swift */; };
		565B19E51FA225CF00D042E5 /* PostDetailsContentDisplayable.swift in Sources */ = {isa = PBXBuildFile; fileRef = 565B19E41FA225CF00D042E5 /* PostDetailsContentDisplayable.swift */; };
		565B19E71FA2387F00D042E5 /* PostDetailsAuthorDisplayable.swift in Sources */ = {isa = PBXBuildFile; fileRef = 565B19E61FA2387F00D042E5 /* PostDetailsAuthorDisplayable.swift */; };
		569591111F9F29B900C0AE99 /* URLConfig.swift in Sources */ = {isa = PBXBuildFile; fileRef = 569591101F9F29B900C0AE99 /* URLConfig.swift */; };
		569591131F9F2AC100C0AE99 /* VanillaNetworkingService.swift in Sources */ = {isa = PBXBuildFile; fileRef = 569591121F9F2AC100C0AE99 /* VanillaNetworkingService.swift */; };
		569591161F9F2B7200C0AE99 /* URLRequest+Default.swift in Sources */ = {isa = PBXBuildFile; fileRef = 569591151F9F2B7200C0AE99 /* URLRequest+Default.swift */; };
		569591181F9F2BAF00C0AE99 /* Constants.swift in Sources */ = {isa = PBXBuildFile; fileRef = 569591171F9F2BAF00C0AE99 /* Constants.swift */; };
		5695911B1F9F2DBB00C0AE99 /* BabylonHealthNetworkingAPI.swift in Sources */ = {isa = PBXBuildFile; fileRef = 5695911A1F9F2DBB00C0AE99 /* BabylonHealthNetworkingAPI.swift */; };
		5695911E1F9F2EF500C0AE99 /* Post.swift in Sources */ = {isa = PBXBuildFile; fileRef = 5695911D1F9F2EF500C0AE99 /* Post.swift */; };
		56A02C481FA1CF0A0040D3FC /* PostDetailsViewController.swift in Sources */ = {isa = PBXBuildFile; fileRef = 56A02C471FA1CF0A0040D3FC /* PostDetailsViewController.swift */; };
		56A152F61F9DEF100021E021 /* AppDelegate.swift in Sources */ = {isa = PBXBuildFile; fileRef = 56A152F51F9DEF100021E021 /* AppDelegate.swift */; };
		56A152F81F9DEF100021E021 /* PostsViewController.swift in Sources */ = {isa = PBXBuildFile; fileRef = 56A152F71F9DEF100021E021 /* PostsViewController.swift */; };
		56A152FB1F9DEF100021E021 /* Main.storyboard in Resources */ = {isa = PBXBuildFile; fileRef = 56A152F91F9DEF100021E021 /* Main.storyboard */; };
		56A152FD1F9DEF100021E021 /* Assets.xcassets in Resources */ = {isa = PBXBuildFile; fileRef = 56A152FC1F9DEF100021E021 /* Assets.xcassets */; };
		56A153001F9DEF100021E021 /* LaunchScreen.storyboard in Resources */ = {isa = PBXBuildFile; fileRef = 56A152FE1F9DEF100021E021 /* LaunchScreen.storyboard */; };
		56A1530B1F9DEF100021E021 /* BabylonHealthDemoTests.swift in Sources */ = {isa = PBXBuildFile; fileRef = 56A1530A1F9DEF100021E021 /* BabylonHealthDemoTests.swift */; };
		56B41B4F1F9FF7D9004358F1 /* PostsTableViewObject.swift in Sources */ = {isa = PBXBuildFile; fileRef = 56B41B4E1F9FF7D9004358F1 /* PostsTableViewObject.swift */; };
		56B41B521FA07F62004358F1 /* PostsTableViewCell.swift in Sources */ = {isa = PBXBuildFile; fileRef = 56B41B501FA07F62004358F1 /* PostsTableViewCell.swift */; };
		56B41B531FA07F62004358F1 /* PostsTableViewCell.xib in Resources */ = {isa = PBXBuildFile; fileRef = 56B41B511FA07F62004358F1 /* PostsTableViewCell.xib */; };
		56B41B551FA0C49B004358F1 /* User.swift in Sources */ = {isa = PBXBuildFile; fileRef = 56B41B541FA0C49B004358F1 /* User.swift */; };
		56B41B571FA0C4AC004358F1 /* Comment.swift in Sources */ = {isa = PBXBuildFile; fileRef = 56B41B561FA0C4AC004358F1 /* Comment.swift */; };
		56DC08671FA75E5200DF686A /* PostDetailsViewController.xib in Resources */ = {isa = PBXBuildFile; fileRef = 56DC08661FA75E5200DF686A /* PostDetailsViewController.xib */; };
		56DC08691FA75F5500DF686A /* PostDetailsViewModel.swift in Sources */ = {isa = PBXBuildFile; fileRef = 56DC08681FA75F5500DF686A /* PostDetailsViewModel.swift */; };
		56DC086B1FA7E9FA00DF686A /* UIViewController+Alert.swift in Sources */ = {isa = PBXBuildFile; fileRef = 56DC086A1FA7E9FA00DF686A /* UIViewController+Alert.swift */; };
		56ED6EE11FA36FE100D8F586 /* DataManager.swift in Sources */ = {isa = PBXBuildFile; fileRef = 56ED6EE01FA36FE100D8F586 /* DataManager.swift */; };
		56ED6EE31FA371C200D8F586 /* DatabaseService.swift in Sources */ = {isa = PBXBuildFile; fileRef = 56ED6EE21FA371C200D8F586 /* DatabaseService.swift */; };
		56ED6EE51FA3974300D8F586 /* NetworkingService.swift in Sources */ = {isa = PBXBuildFile; fileRef = 56ED6EE41FA3974300D8F586 /* NetworkingService.swift */; };
		56ED6EE81FA397C700D8F586 /* FirebaseDatabaseService.swift in Sources */ = {isa = PBXBuildFile; fileRef = 56ED6EE71FA397C700D8F586 /* FirebaseDatabaseService.swift */; };
		837DEEE63782105971868B99 /* Pods_BabylonHealthDemoTests.framework in Frameworks */ = {isa = PBXBuildFile; fileRef = E0D1072810FA2D27C94D05A7 /* Pods_BabylonHealthDemoTests.framework */; };
/* End PBXBuildFile section */

/* Begin PBXContainerItemProxy section */
		56A153071F9DEF100021E021 /* PBXContainerItemProxy */ = {
			isa = PBXContainerItemProxy;
			containerPortal = 56A152EA1F9DEF100021E021 /* Project object */;
			proxyType = 1;
			remoteGlobalIDString = 56A152F11F9DEF100021E021;
			remoteInfo = BabylonHealthDemo;
		};
/* End PBXContainerItemProxy section */

/* Begin PBXFileReference section */
		0E5BD9AEFADC7010748F775B /* Pods-BabylonHealthDemo.release.xcconfig */ = {isa = PBXFileReference; includeInIndex = 1; lastKnownFileType = text.xcconfig; name = "Pods-BabylonHealthDemo.release.xcconfig"; path = "Pods/Target Support Files/Pods-BabylonHealthDemo/Pods-BabylonHealthDemo.release.xcconfig"; sourceTree = "<group>"; };
		56131E241FA479BC00B9CB01 /* BabylonHealthDatabaseAPI.swift */ = {isa = PBXFileReference; lastKnownFileType = sourcecode.swift; path = BabylonHealthDatabaseAPI.swift; sourceTree = "<group>"; };
		56131E261FA486AC00B9CB01 /* GoogleService-Info.plist */ = {isa = PBXFileReference; fileEncoding = 4; lastKnownFileType = text.plist.xml; path = "GoogleService-Info.plist"; sourceTree = "<group>"; };
		56131E281FA4991D00B9CB01 /* Encodable+Collections.swift */ = {isa = PBXFileReference; lastKnownFileType = sourcecode.swift; path = "Encodable+Collections.swift"; sourceTree = "<group>"; };
		56131E2A1FA4A1D600B9CB01 /* DatabaseConfiguration.swift */ = {isa = PBXFileReference; lastKnownFileType = sourcecode.swift; path = DatabaseConfiguration.swift; sourceTree = "<group>"; };
		56131E2C1FA4A22B00B9CB01 /* DatabaseService+Config.swift */ = {isa = PBXFileReference; lastKnownFileType = sourcecode.swift; path = "DatabaseService+Config.swift"; sourceTree = "<group>"; };
		565B19E41FA225CF00D042E5 /* PostDetailsContentDisplayable.swift */ = {isa = PBXFileReference; lastKnownFileType = sourcecode.swift; path = PostDetailsContentDisplayable.swift; sourceTree = "<group>"; };
		565B19E61FA2387F00D042E5 /* PostDetailsAuthorDisplayable.swift */ = {isa = PBXFileReference; lastKnownFileType = sourcecode.swift; path = PostDetailsAuthorDisplayable.swift; sourceTree = "<group>"; };
		569591101F9F29B900C0AE99 /* URLConfig.swift */ = {isa = PBXFileReference; lastKnownFileType = sourcecode.swift; path = URLConfig.swift; sourceTree = "<group>"; };
		569591121F9F2AC100C0AE99 /* VanillaNetworkingService.swift */ = {isa = PBXFileReference; lastKnownFileType = sourcecode.swift; path = VanillaNetworkingService.swift; sourceTree = "<group>"; };
		569591151F9F2B7200C0AE99 /* URLRequest+Default.swift */ = {isa = PBXFileReference; lastKnownFileType = sourcecode.swift; path = "URLRequest+Default.swift"; sourceTree = "<group>"; };
		569591171F9F2BAF00C0AE99 /* Constants.swift */ = {isa = PBXFileReference; lastKnownFileType = sourcecode.swift; path = Constants.swift; sourceTree = "<group>"; };
		5695911A1F9F2DBB00C0AE99 /* BabylonHealthNetworkingAPI.swift */ = {isa = PBXFileReference; lastKnownFileType = sourcecode.swift; path = BabylonHealthNetworkingAPI.swift; sourceTree = "<group>"; };
		5695911D1F9F2EF500C0AE99 /* Post.swift */ = {isa = PBXFileReference; lastKnownFileType = sourcecode.swift; path = Post.swift; sourceTree = "<group>"; };
		56A02C471FA1CF0A0040D3FC /* PostDetailsViewController.swift */ = {isa = PBXFileReference; lastKnownFileType = sourcecode.swift; path = PostDetailsViewController.swift; sourceTree = "<group>"; };
		56A152F21F9DEF100021E021 /* BabylonHealthDemo.app */ = {isa = PBXFileReference; explicitFileType = wrapper.application; includeInIndex = 0; path = BabylonHealthDemo.app; sourceTree = BUILT_PRODUCTS_DIR; };
		56A152F51F9DEF100021E021 /* AppDelegate.swift */ = {isa = PBXFileReference; lastKnownFileType = sourcecode.swift; path = AppDelegate.swift; sourceTree = "<group>"; };
		56A152F71F9DEF100021E021 /* PostsViewController.swift */ = {isa = PBXFileReference; lastKnownFileType = sourcecode.swift; path = PostsViewController.swift; sourceTree = "<group>"; };
		56A152FA1F9DEF100021E021 /* Base */ = {isa = PBXFileReference; lastKnownFileType = file.storyboard; name = Base; path = Base.lproj/Main.storyboard; sourceTree = "<group>"; };
		56A152FC1F9DEF100021E021 /* Assets.xcassets */ = {isa = PBXFileReference; lastKnownFileType = folder.assetcatalog; path = Assets.xcassets; sourceTree = "<group>"; };
		56A152FF1F9DEF100021E021 /* Base */ = {isa = PBXFileReference; lastKnownFileType = file.storyboard; name = Base; path = Base.lproj/LaunchScreen.storyboard; sourceTree = "<group>"; };
		56A153011F9DEF100021E021 /* Info.plist */ = {isa = PBXFileReference; lastKnownFileType = text.plist.xml; path = Info.plist; sourceTree = "<group>"; };
		56A153061F9DEF100021E021 /* BabylonHealthDemoTests.xctest */ = {isa = PBXFileReference; explicitFileType = wrapper.cfbundle; includeInIndex = 0; path = BabylonHealthDemoTests.xctest; sourceTree = BUILT_PRODUCTS_DIR; };
		56A1530A1F9DEF100021E021 /* BabylonHealthDemoTests.swift */ = {isa = PBXFileReference; lastKnownFileType = sourcecode.swift; path = BabylonHealthDemoTests.swift; sourceTree = "<group>"; };
		56A1530C1F9DEF100021E021 /* Info.plist */ = {isa = PBXFileReference; lastKnownFileType = text.plist.xml; path = Info.plist; sourceTree = "<group>"; };
		56B41B4E1F9FF7D9004358F1 /* PostsTableViewObject.swift */ = {isa = PBXFileReference; lastKnownFileType = sourcecode.swift; path = PostsTableViewObject.swift; sourceTree = "<group>"; };
		56B41B501FA07F62004358F1 /* PostsTableViewCell.swift */ = {isa = PBXFileReference; lastKnownFileType = sourcecode.swift; path = PostsTableViewCell.swift; sourceTree = "<group>"; };
		56B41B511FA07F62004358F1 /* PostsTableViewCell.xib */ = {isa = PBXFileReference; lastKnownFileType = file.xib; path = PostsTableViewCell.xib; sourceTree = "<group>"; };
		56B41B541FA0C49B004358F1 /* User.swift */ = {isa = PBXFileReference; lastKnownFileType = sourcecode.swift; path = User.swift; sourceTree = "<group>"; };
		56B41B561FA0C4AC004358F1 /* Comment.swift */ = {isa = PBXFileReference; lastKnownFileType = sourcecode.swift; path = Comment.swift; sourceTree = "<group>"; };
		56DC08661FA75E5200DF686A /* PostDetailsViewController.xib */ = {isa = PBXFileReference; lastKnownFileType = file.xib; path = PostDetailsViewController.xib; sourceTree = "<group>"; };
		56DC08681FA75F5500DF686A /* PostDetailsViewModel.swift */ = {isa = PBXFileReference; lastKnownFileType = sourcecode.swift; path = PostDetailsViewModel.swift; sourceTree = "<group>"; };
		56DC086A1FA7E9FA00DF686A /* UIViewController+Alert.swift */ = {isa = PBXFileReference; lastKnownFileType = sourcecode.swift; path = "UIViewController+Alert.swift"; sourceTree = "<group>"; };
		56ED6EE01FA36FE100D8F586 /* DataManager.swift */ = {isa = PBXFileReference; lastKnownFileType = sourcecode.swift; path = DataManager.swift; sourceTree = "<group>"; };
		56ED6EE21FA371C200D8F586 /* DatabaseService.swift */ = {isa = PBXFileReference; lastKnownFileType = sourcecode.swift; path = DatabaseService.swift; sourceTree = "<group>"; };
		56ED6EE41FA3974300D8F586 /* NetworkingService.swift */ = {isa = PBXFileReference; lastKnownFileType = sourcecode.swift; path = NetworkingService.swift; sourceTree = "<group>"; };
		56ED6EE71FA397C700D8F586 /* FirebaseDatabaseService.swift */ = {isa = PBXFileReference; lastKnownFileType = sourcecode.swift; path = FirebaseDatabaseService.swift; sourceTree = "<group>"; };
		78ACB5810673254E81EB9B3D /* Pods-BabylonHealthDemoTests.release.xcconfig */ = {isa = PBXFileReference; includeInIndex = 1; lastKnownFileType = text.xcconfig; name = "Pods-BabylonHealthDemoTests.release.xcconfig"; path = "Pods/Target Support Files/Pods-BabylonHealthDemoTests/Pods-BabylonHealthDemoTests.release.xcconfig"; sourceTree = "<group>"; };
		91D06A910710461A7AF6CBCC /* Pods-BabylonHealthDemo.debug.xcconfig */ = {isa = PBXFileReference; includeInIndex = 1; lastKnownFileType = text.xcconfig; name = "Pods-BabylonHealthDemo.debug.xcconfig"; path = "Pods/Target Support Files/Pods-BabylonHealthDemo/Pods-BabylonHealthDemo.debug.xcconfig"; sourceTree = "<group>"; };
		DA03445E2F15C3BC1A94A015 /* Pods_BabylonHealthDemo.framework */ = {isa = PBXFileReference; explicitFileType = wrapper.framework; includeInIndex = 0; path = Pods_BabylonHealthDemo.framework; sourceTree = BUILT_PRODUCTS_DIR; };
		E0D1072810FA2D27C94D05A7 /* Pods_BabylonHealthDemoTests.framework */ = {isa = PBXFileReference; explicitFileType = wrapper.framework; includeInIndex = 0; path = Pods_BabylonHealthDemoTests.framework; sourceTree = BUILT_PRODUCTS_DIR; };
		FD3E0D5DDEE85932BA43CF41 /* Pods-BabylonHealthDemoTests.debug.xcconfig */ = {isa = PBXFileReference; includeInIndex = 1; lastKnownFileType = text.xcconfig; name = "Pods-BabylonHealthDemoTests.debug.xcconfig"; path = "Pods/Target Support Files/Pods-BabylonHealthDemoTests/Pods-BabylonHealthDemoTests.debug.xcconfig"; sourceTree = "<group>"; };
/* End PBXFileReference section */

/* Begin PBXFrameworksBuildPhase section */
		56A152EF1F9DEF100021E021 /* Frameworks */ = {
			isa = PBXFrameworksBuildPhase;
			buildActionMask = 2147483647;
			files = (
				24A9E3EB83189CB8087EF120 /* Pods_BabylonHealthDemo.framework in Frameworks */,
			);
			runOnlyForDeploymentPostprocessing = 0;
		};
		56A153031F9DEF100021E021 /* Frameworks */ = {
			isa = PBXFrameworksBuildPhase;
			buildActionMask = 2147483647;
			files = (
				837DEEE63782105971868B99 /* Pods_BabylonHealthDemoTests.framework in Frameworks */,
			);
			runOnlyForDeploymentPostprocessing = 0;
		};
/* End PBXFrameworksBuildPhase section */

/* Begin PBXGroup section */
		565B19E11FA2255400D042E5 /* Protocols */ = {
			isa = PBXGroup;
			children = (
				565B19E41FA225CF00D042E5 /* PostDetailsContentDisplayable.swift */,
				565B19E61FA2387F00D042E5 /* PostDetailsAuthorDisplayable.swift */,
			);
			path = Protocols;
			sourceTree = "<group>";
		};
		5695910F1F9F29A200C0AE99 /* Networking */ = {
			isa = PBXGroup;
			children = (
				569591101F9F29B900C0AE99 /* URLConfig.swift */,
				56ED6EE41FA3974300D8F586 /* NetworkingService.swift */,
				569591121F9F2AC100C0AE99 /* VanillaNetworkingService.swift */,
			);
			path = Networking;
			sourceTree = "<group>";
		};
		569591141F9F2B5E00C0AE99 /* Extensions */ = {
			isa = PBXGroup;
			children = (
				569591151F9F2B7200C0AE99 /* URLRequest+Default.swift */,
				56131E281FA4991D00B9CB01 /* Encodable+Collections.swift */,
				56131E2C1FA4A22B00B9CB01 /* DatabaseService+Config.swift */,
				56DC086A1FA7E9FA00DF686A /* UIViewController+Alert.swift */,
			);
			path = Extensions;
			sourceTree = "<group>";
		};
		569591191F9F2DA200C0AE99 /* API */ = {
			isa = PBXGroup;
			children = (
				5695911A1F9F2DBB00C0AE99 /* BabylonHealthNetworkingAPI.swift */,
				56131E241FA479BC00B9CB01 /* BabylonHealthDatabaseAPI.swift */,
			);
			path = API;
			sourceTree = "<group>";
		};
		5695911C1F9F2ED700C0AE99 /* Model */ = {
			isa = PBXGroup;
			children = (
				5695911D1F9F2EF500C0AE99 /* Post.swift */,
				56B41B541FA0C49B004358F1 /* User.swift */,
				56B41B561FA0C4AC004358F1 /* Comment.swift */,
			);
			path = Model;
			sourceTree = "<group>";
		};
		5696AEC41FA9FD3E0035CD19 /* UI */ = {
			isa = PBXGroup;
			children = (
				56E65A031F9FEE1600A43A3D /* Posts View */,
				56A02C461FA1CEE20040D3FC /* Post Details View */,
			);
			path = UI;
			sourceTree = "<group>";
		};
		56A02C461FA1CEE20040D3FC /* Post Details View */ = {
			isa = PBXGroup;
			children = (
				56A02C471FA1CF0A0040D3FC /* PostDetailsViewController.swift */,
				56DC08661FA75E5200DF686A /* PostDetailsViewController.xib */,
				56DC08681FA75F5500DF686A /* PostDetailsViewModel.swift */,
			);
			path = "Post Details View";
			sourceTree = "<group>";
		};
		56A152E91F9DEF100021E021 = {
			isa = PBXGroup;
			children = (
				56A152F41F9DEF100021E021 /* BabylonHealthDemo */,
				56A153091F9DEF100021E021 /* BabylonHealthDemoTests */,
				56A152F31F9DEF100021E021 /* Products */,
				794C8DA91809E1A989E6A611 /* Pods */,
				8435F8FC04AC7E1C89DB83D1 /* Frameworks */,
			);
			sourceTree = "<group>";
		};
		56A152F31F9DEF100021E021 /* Products */ = {
			isa = PBXGroup;
			children = (
				56A152F21F9DEF100021E021 /* BabylonHealthDemo.app */,
				56A153061F9DEF100021E021 /* BabylonHealthDemoTests.xctest */,
			);
			name = Products;
			sourceTree = "<group>";
		};
		56A152F41F9DEF100021E021 /* BabylonHealthDemo */ = {
			isa = PBXGroup;
			children = (
				5696AEC41FA9FD3E0035CD19 /* UI */,
				56A152F91F9DEF100021E021 /* Main.storyboard */,
				56A152FE1F9DEF100021E021 /* LaunchScreen.storyboard */,
				56A152F51F9DEF100021E021 /* AppDelegate.swift */,
				569591171F9F2BAF00C0AE99 /* Constants.swift */,
				5695911C1F9F2ED700C0AE99 /* Model */,
				56ED6EDF1FA36FB200D8F586 /* Data Retrieval */,
				56ED6EE61FA3977F00D8F586 /* Database */,
				569591191F9F2DA200C0AE99 /* API */,
				569591141F9F2B5E00C0AE99 /* Extensions */,
				565B19E11FA2255400D042E5 /* Protocols */,
				5695910F1F9F29A200C0AE99 /* Networking */,
				56A152FC1F9DEF100021E021 /* Assets.xcassets */,
				56A153011F9DEF100021E021 /* Info.plist */,
				56131E261FA486AC00B9CB01 /* GoogleService-Info.plist */,
			);
			path = BabylonHealthDemo;
			sourceTree = "<group>";
		};
		56A153091F9DEF100021E021 /* BabylonHealthDemoTests */ = {
			isa = PBXGroup;
			children = (
				56A1530A1F9DEF100021E021 /* BabylonHealthDemoTests.swift */,
				56A1530C1F9DEF100021E021 /* Info.plist */,
			);
			path = BabylonHealthDemoTests;
			sourceTree = "<group>";
		};
		56E65A031F9FEE1600A43A3D /* Posts View */ = {
			isa = PBXGroup;
			children = (
				56A152F71F9DEF100021E021 /* PostsViewController.swift */,
				56B41B4E1F9FF7D9004358F1 /* PostsTableViewObject.swift */,
				56B41B501FA07F62004358F1 /* PostsTableViewCell.swift */,
				56B41B511FA07F62004358F1 /* PostsTableViewCell.xib */,
			);
			path = "Posts View";
			sourceTree = "<group>";
		};
		56ED6EDF1FA36FB200D8F586 /* Data Retrieval */ = {
			isa = PBXGroup;
			children = (
				56ED6EE01FA36FE100D8F586 /* DataManager.swift */,
			);
			path = "Data Retrieval";
			sourceTree = "<group>";
		};
		56ED6EE61FA3977F00D8F586 /* Database */ = {
			isa = PBXGroup;
			children = (
				56ED6EE21FA371C200D8F586 /* DatabaseService.swift */,
				56ED6EE71FA397C700D8F586 /* FirebaseDatabaseService.swift */,
				56131E2A1FA4A1D600B9CB01 /* DatabaseConfiguration.swift */,
			);
			path = Database;
			sourceTree = "<group>";
		};
		794C8DA91809E1A989E6A611 /* Pods */ = {
			isa = PBXGroup;
			children = (
				91D06A910710461A7AF6CBCC /* Pods-BabylonHealthDemo.debug.xcconfig */,
				0E5BD9AEFADC7010748F775B /* Pods-BabylonHealthDemo.release.xcconfig */,
				FD3E0D5DDEE85932BA43CF41 /* Pods-BabylonHealthDemoTests.debug.xcconfig */,
				78ACB5810673254E81EB9B3D /* Pods-BabylonHealthDemoTests.release.xcconfig */,
			);
			name = Pods;
			sourceTree = "<group>";
		};
		8435F8FC04AC7E1C89DB83D1 /* Frameworks */ = {
			isa = PBXGroup;
			children = (
				DA03445E2F15C3BC1A94A015 /* Pods_BabylonHealthDemo.framework */,
				E0D1072810FA2D27C94D05A7 /* Pods_BabylonHealthDemoTests.framework */,
			);
			name = Frameworks;
			sourceTree = "<group>";
		};
/* End PBXGroup section */

/* Begin PBXNativeTarget section */
		56A152F11F9DEF100021E021 /* BabylonHealthDemo */ = {
			isa = PBXNativeTarget;
			buildConfigurationList = 56A1530F1F9DEF100021E021 /* Build configuration list for PBXNativeTarget "BabylonHealthDemo" */;
			buildPhases = (
				F5CD6F9BCB52C10751584AA9 /* [CP] Check Pods Manifest.lock */,
				56A152EE1F9DEF100021E021 /* Sources */,
				56A152EF1F9DEF100021E021 /* Frameworks */,
				56A152F01F9DEF100021E021 /* Resources */,
				8ADACD8A742E286D59D1BE86 /* [CP] Embed Pods Frameworks */,
				3D0B86298ED39EE568E54488 /* [CP] Copy Pods Resources */,
			);
			buildRules = (
			);
			dependencies = (
			);
			name = BabylonHealthDemo;
			productName = BabylonHealthDemo;
			productReference = 56A152F21F9DEF100021E021 /* BabylonHealthDemo.app */;
			productType = "com.apple.product-type.application";
		};
		56A153051F9DEF100021E021 /* BabylonHealthDemoTests */ = {
			isa = PBXNativeTarget;
			buildConfigurationList = 56A153121F9DEF100021E021 /* Build configuration list for PBXNativeTarget "BabylonHealthDemoTests" */;
			buildPhases = (
				3776A16884DB201DBE721215 /* [CP] Check Pods Manifest.lock */,
				56A153021F9DEF100021E021 /* Sources */,
				56A153031F9DEF100021E021 /* Frameworks */,
				56A153041F9DEF100021E021 /* Resources */,
				0C666D349C001B0FDFE34961 /* [CP] Embed Pods Frameworks */,
				A3F7EAC6CA04F5ED27CB3F3D /* [CP] Copy Pods Resources */,
			);
			buildRules = (
			);
			dependencies = (
				56A153081F9DEF100021E021 /* PBXTargetDependency */,
			);
			name = BabylonHealthDemoTests;
			productName = BabylonHealthDemoTests;
			productReference = 56A153061F9DEF100021E021 /* BabylonHealthDemoTests.xctest */;
			productType = "com.apple.product-type.bundle.unit-test";
		};
/* End PBXNativeTarget section */

/* Begin PBXProject section */
		56A152EA1F9DEF100021E021 /* Project object */ = {
			isa = PBXProject;
			attributes = {
				LastSwiftUpdateCheck = 0900;
				LastUpgradeCheck = 0900;
				ORGANIZATIONNAME = "Evan Roth";
				TargetAttributes = {
					56A152F11F9DEF100021E021 = {
						CreatedOnToolsVersion = 9.0;
						ProvisioningStyle = Automatic;
					};
					56A153051F9DEF100021E021 = {
						CreatedOnToolsVersion = 9.0;
						ProvisioningStyle = Automatic;
						TestTargetID = 56A152F11F9DEF100021E021;
					};
				};
			};
			buildConfigurationList = 56A152ED1F9DEF100021E021 /* Build configuration list for PBXProject "BabylonHealthDemo" */;
			compatibilityVersion = "Xcode 8.0";
			developmentRegion = en;
			hasScannedForEncodings = 0;
			knownRegions = (
				en,
				Base,
			);
			mainGroup = 56A152E91F9DEF100021E021;
			productRefGroup = 56A152F31F9DEF100021E021 /* Products */;
			projectDirPath = "";
			projectRoot = "";
			targets = (
				56A152F11F9DEF100021E021 /* BabylonHealthDemo */,
				56A153051F9DEF100021E021 /* BabylonHealthDemoTests */,
			);
		};
/* End PBXProject section */

/* Begin PBXResourcesBuildPhase section */
		56A152F01F9DEF100021E021 /* Resources */ = {
			isa = PBXResourcesBuildPhase;
			buildActionMask = 2147483647;
			files = (
				56A153001F9DEF100021E021 /* LaunchScreen.storyboard in Resources */,
				56A152FD1F9DEF100021E021 /* Assets.xcassets in Resources */,
				56131E271FA486AC00B9CB01 /* GoogleService-Info.plist in Resources */,
				56A152FB1F9DEF100021E021 /* Main.storyboard in Resources */,
				56B41B531FA07F62004358F1 /* PostsTableViewCell.xib in Resources */,
				56DC08671FA75E5200DF686A /* PostDetailsViewController.xib in Resources */,
			);
			runOnlyForDeploymentPostprocessing = 0;
		};
		56A153041F9DEF100021E021 /* Resources */ = {
			isa = PBXResourcesBuildPhase;
			buildActionMask = 2147483647;
			files = (
			);
			runOnlyForDeploymentPostprocessing = 0;
		};
/* End PBXResourcesBuildPhase section */

/* Begin PBXShellScriptBuildPhase section */
		0C666D349C001B0FDFE34961 /* [CP] Embed Pods Frameworks */ = {
			isa = PBXShellScriptBuildPhase;
			buildActionMask = 2147483647;
			files = (
			);
			inputPaths = (
			);
			name = "[CP] Embed Pods Frameworks";
			outputPaths = (
			);
			runOnlyForDeploymentPostprocessing = 0;
			shellPath = /bin/sh;
			shellScript = "\"${SRCROOT}/Pods/Target Support Files/Pods-BabylonHealthDemoTests/Pods-BabylonHealthDemoTests-frameworks.sh\"\n";
			showEnvVarsInLog = 0;
		};
		3776A16884DB201DBE721215 /* [CP] Check Pods Manifest.lock */ = {
			isa = PBXShellScriptBuildPhase;
			buildActionMask = 2147483647;
			files = (
			);
			inputPaths = (
				"${PODS_PODFILE_DIR_PATH}/Podfile.lock",
				"${PODS_ROOT}/Manifest.lock",
			);
			name = "[CP] Check Pods Manifest.lock";
			outputPaths = (
				"$(DERIVED_FILE_DIR)/Pods-BabylonHealthDemoTests-checkManifestLockResult.txt",
			);
			runOnlyForDeploymentPostprocessing = 0;
			shellPath = /bin/sh;
			shellScript = "diff \"${PODS_PODFILE_DIR_PATH}/Podfile.lock\" \"${PODS_ROOT}/Manifest.lock\" > /dev/null\nif [ $? != 0 ] ; then\n    # print error to STDERR\n    echo \"error: The sandbox is not in sync with the Podfile.lock. Run 'pod install' or update your CocoaPods installation.\" >&2\n    exit 1\nfi\n# This output is used by Xcode 'outputs' to avoid re-running this script phase.\necho \"SUCCESS\" > \"${SCRIPT_OUTPUT_FILE_0}\"\n";
			showEnvVarsInLog = 0;
		};
		3D0B86298ED39EE568E54488 /* [CP] Copy Pods Resources */ = {
			isa = PBXShellScriptBuildPhase;
			buildActionMask = 2147483647;
			files = (
			);
			inputPaths = (
			);
			name = "[CP] Copy Pods Resources";
			outputPaths = (
			);
			runOnlyForDeploymentPostprocessing = 0;
			shellPath = /bin/sh;
			shellScript = "\"${SRCROOT}/Pods/Target Support Files/Pods-BabylonHealthDemo/Pods-BabylonHealthDemo-resources.sh\"\n";
			showEnvVarsInLog = 0;
		};
		8ADACD8A742E286D59D1BE86 /* [CP] Embed Pods Frameworks */ = {
			isa = PBXShellScriptBuildPhase;
			buildActionMask = 2147483647;
			files = (
			);
			inputPaths = (
				"${SRCROOT}/Pods/Target Support Files/Pods-BabylonHealthDemo/Pods-BabylonHealthDemo-frameworks.sh",
				"${BUILT_PRODUCTS_DIR}/GoogleToolboxForMac/GoogleToolboxForMac.framework",
				"${BUILT_PRODUCTS_DIR}/SVProgressHUD/SVProgressHUD.framework",
				"${BUILT_PRODUCTS_DIR}/leveldb-library/leveldb.framework",
				"${BUILT_PRODUCTS_DIR}/nanopb/nanopb.framework",
			);
			name = "[CP] Embed Pods Frameworks";
			outputPaths = (
				"${TARGET_BUILD_DIR}/${FRAMEWORKS_FOLDER_PATH}/GoogleToolboxForMac.framework",
				"${TARGET_BUILD_DIR}/${FRAMEWORKS_FOLDER_PATH}/SVProgressHUD.framework",
				"${TARGET_BUILD_DIR}/${FRAMEWORKS_FOLDER_PATH}/leveldb.framework",
				"${TARGET_BUILD_DIR}/${FRAMEWORKS_FOLDER_PATH}/nanopb.framework",
			);
			runOnlyForDeploymentPostprocessing = 0;
			shellPath = /bin/sh;
			shellScript = "\"${SRCROOT}/Pods/Target Support Files/Pods-BabylonHealthDemo/Pods-BabylonHealthDemo-frameworks.sh\"\n";
			showEnvVarsInLog = 0;
		};
		A3F7EAC6CA04F5ED27CB3F3D /* [CP] Copy Pods Resources */ = {
			isa = PBXShellScriptBuildPhase;
			buildActionMask = 2147483647;
			files = (
			);
			inputPaths = (
			);
			name = "[CP] Copy Pods Resources";
			outputPaths = (
			);
			runOnlyForDeploymentPostprocessing = 0;
			shellPath = /bin/sh;
			shellScript = "\"${SRCROOT}/Pods/Target Support Files/Pods-BabylonHealthDemoTests/Pods-BabylonHealthDemoTests-resources.sh\"\n";
			showEnvVarsInLog = 0;
		};
		F5CD6F9BCB52C10751584AA9 /* [CP] Check Pods Manifest.lock */ = {
			isa = PBXShellScriptBuildPhase;
			buildActionMask = 2147483647;
			files = (
			);
			inputPaths = (
				"${PODS_PODFILE_DIR_PATH}/Podfile.lock",
				"${PODS_ROOT}/Manifest.lock",
			);
			name = "[CP] Check Pods Manifest.lock";
			outputPaths = (
				"$(DERIVED_FILE_DIR)/Pods-BabylonHealthDemo-checkManifestLockResult.txt",
			);
			runOnlyForDeploymentPostprocessing = 0;
			shellPath = /bin/sh;
			shellScript = "diff \"${PODS_PODFILE_DIR_PATH}/Podfile.lock\" \"${PODS_ROOT}/Manifest.lock\" > /dev/null\nif [ $? != 0 ] ; then\n    # print error to STDERR\n    echo \"error: The sandbox is not in sync with the Podfile.lock. Run 'pod install' or update your CocoaPods installation.\" >&2\n    exit 1\nfi\n# This output is used by Xcode 'outputs' to avoid re-running this script phase.\necho \"SUCCESS\" > \"${SCRIPT_OUTPUT_FILE_0}\"\n";
			showEnvVarsInLog = 0;
		};
/* End PBXShellScriptBuildPhase section */

/* Begin PBXSourcesBuildPhase section */
		56A152EE1F9DEF100021E021 /* Sources */ = {
			isa = PBXSourcesBuildPhase;
			buildActionMask = 2147483647;
			files = (
				56B41B4F1F9FF7D9004358F1 /* PostsTableViewObject.swift in Sources */,
				56ED6EE11FA36FE100D8F586 /* DataManager.swift in Sources */,
				5695911B1F9F2DBB00C0AE99 /* BabylonHealthNetworkingAPI.swift in Sources */,
				56131E251FA479BC00B9CB01 /* BabylonHealthDatabaseAPI.swift in Sources */,
				56ED6EE51FA3974300D8F586 /* NetworkingService.swift in Sources */,
				56DC086B1FA7E9FA00DF686A /* UIViewController+Alert.swift in Sources */,
				565B19E51FA225CF00D042E5 /* PostDetailsContentDisplayable.swift in Sources */,
				56A152F81F9DEF100021E021 /* PostsViewController.swift in Sources */,
				56A02C481FA1CF0A0040D3FC /* PostDetailsViewController.swift in Sources */,
				56131E2B1FA4A1D600B9CB01 /* DatabaseConfiguration.swift in Sources */,
				569591111F9F29B900C0AE99 /* URLConfig.swift in Sources */,
				56ED6EE31FA371C200D8F586 /* DatabaseService.swift in Sources */,
				5695911E1F9F2EF500C0AE99 /* Post.swift in Sources */,
				569591161F9F2B7200C0AE99 /* URLRequest+Default.swift in Sources */,
				56DC08691FA75F5500DF686A /* PostDetailsViewModel.swift in Sources */,
				565B19E71FA2387F00D042E5 /* PostDetailsAuthorDisplayable.swift in Sources */,
				56A152F61F9DEF100021E021 /* AppDelegate.swift in Sources */,
				56B41B571FA0C4AC004358F1 /* Comment.swift in Sources */,
				56B41B521FA07F62004358F1 /* PostsTableViewCell.swift in Sources */,
				569591131F9F2AC100C0AE99 /* VanillaNetworkingService.swift in Sources */,
				56131E2D1FA4A22B00B9CB01 /* DatabaseService+Config.swift in Sources */,
				569591181F9F2BAF00C0AE99 /* Constants.swift in Sources */,
				56B41B551FA0C49B004358F1 /* User.swift in Sources */,
				56131E291FA4991D00B9CB01 /* Encodable+Collections.swift in Sources */,
				56ED6EE81FA397C700D8F586 /* FirebaseDatabaseService.swift in Sources */,
			);
			runOnlyForDeploymentPostprocessing = 0;
		};
		56A153021F9DEF100021E021 /* Sources */ = {
			isa = PBXSourcesBuildPhase;
			buildActionMask = 2147483647;
			files = (
				56A1530B1F9DEF100021E021 /* BabylonHealthDemoTests.swift in Sources */,
			);
			runOnlyForDeploymentPostprocessing = 0;
		};
/* End PBXSourcesBuildPhase section */

/* Begin PBXTargetDependency section */
		56A153081F9DEF100021E021 /* PBXTargetDependency */ = {
			isa = PBXTargetDependency;
			target = 56A152F11F9DEF100021E021 /* BabylonHealthDemo */;
			targetProxy = 56A153071F9DEF100021E021 /* PBXContainerItemProxy */;
		};
/* End PBXTargetDependency section */

/* Begin PBXVariantGroup section */
		56A152F91F9DEF100021E021 /* Main.storyboard */ = {
			isa = PBXVariantGroup;
			children = (
				56A152FA1F9DEF100021E021 /* Base */,
			);
			name = Main.storyboard;
			sourceTree = "<group>";
		};
		56A152FE1F9DEF100021E021 /* LaunchScreen.storyboard */ = {
			isa = PBXVariantGroup;
			children = (
				56A152FF1F9DEF100021E021 /* Base */,
			);
			name = LaunchScreen.storyboard;
			sourceTree = "<group>";
		};
/* End PBXVariantGroup section */

/* Begin XCBuildConfiguration section */
		56A1530D1F9DEF100021E021 /* Debug */ = {
			isa = XCBuildConfiguration;
			buildSettings = {
				ALWAYS_SEARCH_USER_PATHS = NO;
				CLANG_ANALYZER_NONNULL = YES;
				CLANG_ANALYZER_NUMBER_OBJECT_CONVERSION = YES_AGGRESSIVE;
				CLANG_CXX_LANGUAGE_STANDARD = "gnu++14";
				CLANG_CXX_LIBRARY = "libc++";
				CLANG_ENABLE_MODULES = YES;
				CLANG_ENABLE_OBJC_ARC = YES;
				CLANG_WARN_BLOCK_CAPTURE_AUTORELEASING = YES;
				CLANG_WARN_BOOL_CONVERSION = YES;
				CLANG_WARN_COMMA = YES;
				CLANG_WARN_CONSTANT_CONVERSION = YES;
				CLANG_WARN_DIRECT_OBJC_ISA_USAGE = YES_ERROR;
				CLANG_WARN_DOCUMENTATION_COMMENTS = YES;
				CLANG_WARN_EMPTY_BODY = YES;
				CLANG_WARN_ENUM_CONVERSION = YES;
				CLANG_WARN_INFINITE_RECURSION = YES;
				CLANG_WARN_INT_CONVERSION = YES;
				CLANG_WARN_NON_LITERAL_NULL_CONVERSION = YES;
				CLANG_WARN_OBJC_LITERAL_CONVERSION = YES;
				CLANG_WARN_OBJC_ROOT_CLASS = YES_ERROR;
				CLANG_WARN_RANGE_LOOP_ANALYSIS = YES;
				CLANG_WARN_STRICT_PROTOTYPES = YES;
				CLANG_WARN_SUSPICIOUS_MOVE = YES;
				CLANG_WARN_UNGUARDED_AVAILABILITY = YES_AGGRESSIVE;
				CLANG_WARN_UNREACHABLE_CODE = YES;
				CLANG_WARN__DUPLICATE_METHOD_MATCH = YES;
				CODE_SIGN_IDENTITY = "iPhone Developer";
				COPY_PHASE_STRIP = NO;
				DEBUG_INFORMATION_FORMAT = dwarf;
				ENABLE_STRICT_OBJC_MSGSEND = YES;
				ENABLE_TESTABILITY = YES;
				GCC_C_LANGUAGE_STANDARD = gnu11;
				GCC_DYNAMIC_NO_PIC = NO;
				GCC_NO_COMMON_BLOCKS = YES;
				GCC_OPTIMIZATION_LEVEL = 0;
				GCC_PREPROCESSOR_DEFINITIONS = (
					"DEBUG=1",
					"$(inherited)",
				);
				GCC_WARN_64_TO_32_BIT_CONVERSION = YES;
				GCC_WARN_ABOUT_RETURN_TYPE = YES_ERROR;
				GCC_WARN_UNDECLARED_SELECTOR = YES;
				GCC_WARN_UNINITIALIZED_AUTOS = YES_AGGRESSIVE;
				GCC_WARN_UNUSED_FUNCTION = YES;
				GCC_WARN_UNUSED_VARIABLE = YES;
				IPHONEOS_DEPLOYMENT_TARGET = 11.0;
				MTL_ENABLE_DEBUG_INFO = YES;
				ONLY_ACTIVE_ARCH = YES;
				SDKROOT = iphoneos;
				SWIFT_ACTIVE_COMPILATION_CONDITIONS = DEBUG;
				SWIFT_OPTIMIZATION_LEVEL = "-Onone";
			};
			name = Debug;
		};
		56A1530E1F9DEF100021E021 /* Release */ = {
			isa = XCBuildConfiguration;
			buildSettings = {
				ALWAYS_SEARCH_USER_PATHS = NO;
				CLANG_ANALYZER_NONNULL = YES;
				CLANG_ANALYZER_NUMBER_OBJECT_CONVERSION = YES_AGGRESSIVE;
				CLANG_CXX_LANGUAGE_STANDARD = "gnu++14";
				CLANG_CXX_LIBRARY = "libc++";
				CLANG_ENABLE_MODULES = YES;
				CLANG_ENABLE_OBJC_ARC = YES;
				CLANG_WARN_BLOCK_CAPTURE_AUTORELEASING = YES;
				CLANG_WARN_BOOL_CONVERSION = YES;
				CLANG_WARN_COMMA = YES;
				CLANG_WARN_CONSTANT_CONVERSION = YES;
				CLANG_WARN_DIRECT_OBJC_ISA_USAGE = YES_ERROR;
				CLANG_WARN_DOCUMENTATION_COMMENTS = YES;
				CLANG_WARN_EMPTY_BODY = YES;
				CLANG_WARN_ENUM_CONVERSION = YES;
				CLANG_WARN_INFINITE_RECURSION = YES;
				CLANG_WARN_INT_CONVERSION = YES;
				CLANG_WARN_NON_LITERAL_NULL_CONVERSION = YES;
				CLANG_WARN_OBJC_LITERAL_CONVERSION = YES;
				CLANG_WARN_OBJC_ROOT_CLASS = YES_ERROR;
				CLANG_WARN_RANGE_LOOP_ANALYSIS = YES;
				CLANG_WARN_STRICT_PROTOTYPES = YES;
				CLANG_WARN_SUSPICIOUS_MOVE = YES;
				CLANG_WARN_UNGUARDED_AVAILABILITY = YES_AGGRESSIVE;
				CLANG_WARN_UNREACHABLE_CODE = YES;
				CLANG_WARN__DUPLICATE_METHOD_MATCH = YES;
				CODE_SIGN_IDENTITY = "iPhone Developer";
				COPY_PHASE_STRIP = NO;
				DEBUG_INFORMATION_FORMAT = "dwarf-with-dsym";
				ENABLE_NS_ASSERTIONS = NO;
				ENABLE_STRICT_OBJC_MSGSEND = YES;
				GCC_C_LANGUAGE_STANDARD = gnu11;
				GCC_NO_COMMON_BLOCKS = YES;
				GCC_WARN_64_TO_32_BIT_CONVERSION = YES;
				GCC_WARN_ABOUT_RETURN_TYPE = YES_ERROR;
				GCC_WARN_UNDECLARED_SELECTOR = YES;
				GCC_WARN_UNINITIALIZED_AUTOS = YES_AGGRESSIVE;
				GCC_WARN_UNUSED_FUNCTION = YES;
				GCC_WARN_UNUSED_VARIABLE = YES;
				IPHONEOS_DEPLOYMENT_TARGET = 11.0;
				MTL_ENABLE_DEBUG_INFO = NO;
				SDKROOT = iphoneos;
				SWIFT_OPTIMIZATION_LEVEL = "-Owholemodule";
				VALIDATE_PRODUCT = YES;
			};
			name = Release;
		};
		56A153101F9DEF100021E021 /* Debug */ = {
			isa = XCBuildConfiguration;
			baseConfigurationReference = 91D06A910710461A7AF6CBCC /* Pods-BabylonHealthDemo.debug.xcconfig */;
			buildSettings = {
				ASSETCATALOG_COMPILER_APPICON_NAME = AppIcon;
				CODE_SIGN_STYLE = Automatic;
				INFOPLIST_FILE = BabylonHealthDemo/Info.plist;
				IPHONEOS_DEPLOYMENT_TARGET = 10.3;
				LD_RUNPATH_SEARCH_PATHS = "$(inherited) @executable_path/Frameworks";
				PRODUCT_BUNDLE_IDENTIFIER = com.naive.BabylonHealthDemo;
				PRODUCT_NAME = "$(TARGET_NAME)";
				SWIFT_VERSION = 4.0;
				TARGETED_DEVICE_FAMILY = "1,2";
			};
			name = Debug;
		};
		56A153111F9DEF100021E021 /* Release */ = {
			isa = XCBuildConfiguration;
			baseConfigurationReference = 0E5BD9AEFADC7010748F775B /* Pods-BabylonHealthDemo.release.xcconfig */;
			buildSettings = {
				ASSETCATALOG_COMPILER_APPICON_NAME = AppIcon;
				CODE_SIGN_STYLE = Automatic;
				INFOPLIST_FILE = BabylonHealthDemo/Info.plist;
				IPHONEOS_DEPLOYMENT_TARGET = 10.3;
				LD_RUNPATH_SEARCH_PATHS = "$(inherited) @executable_path/Frameworks";
				PRODUCT_BUNDLE_IDENTIFIER = com.naive.BabylonHealthDemo;
				PRODUCT_NAME = "$(TARGET_NAME)";
				SWIFT_VERSION = 4.0;
				TARGETED_DEVICE_FAMILY = "1,2";
			};
			name = Release;
		};
		56A153131F9DEF100021E021 /* Debug */ = {
			isa = XCBuildConfiguration;
			baseConfigurationReference = FD3E0D5DDEE85932BA43CF41 /* Pods-BabylonHealthDemoTests.debug.xcconfig */;
			buildSettings = {
				ALWAYS_EMBED_SWIFT_STANDARD_LIBRARIES = YES;
				BUNDLE_LOADER = "$(TEST_HOST)";
				CODE_SIGN_STYLE = Automatic;
				INFOPLIST_FILE = BabylonHealthDemoTests/Info.plist;
				LD_RUNPATH_SEARCH_PATHS = "$(inherited) @executable_path/Frameworks @loader_path/Frameworks";
				PRODUCT_BUNDLE_IDENTIFIER = com.naive.BabylonHealthDemoTests;
				PRODUCT_NAME = "$(TARGET_NAME)";
				SWIFT_VERSION = 4.0;
				TARGETED_DEVICE_FAMILY = "1,2";
				TEST_HOST = "$(BUILT_PRODUCTS_DIR)/BabylonHealthDemo.app/BabylonHealthDemo";
			};
			name = Debug;
		};
		56A153141F9DEF100021E021 /* Release */ = {
			isa = XCBuildConfiguration;
			baseConfigurationReference = 78ACB5810673254E81EB9B3D /* Pods-BabylonHealthDemoTests.release.xcconfig */;
			buildSettings = {
				ALWAYS_EMBED_SWIFT_STANDARD_LIBRARIES = YES;
				BUNDLE_LOADER = "$(TEST_HOST)";
				CODE_SIGN_STYLE = Automatic;
				INFOPLIST_FILE = BabylonHealthDemoTests/Info.plist;
				LD_RUNPATH_SEARCH_PATHS = "$(inherited) @executable_path/Frameworks @loader_path/Frameworks";
				PRODUCT_BUNDLE_IDENTIFIER = com.naive.BabylonHealthDemoTests;
				PRODUCT_NAME = "$(TARGET_NAME)";
				SWIFT_VERSION = 4.0;
				TARGETED_DEVICE_FAMILY = "1,2";
				TEST_HOST = "$(BUILT_PRODUCTS_DIR)/BabylonHealthDemo.app/BabylonHealthDemo";
			};
			name = Release;
		};
/* End XCBuildConfiguration section */

/* Begin XCConfigurationList section */
		56A152ED1F9DEF100021E021 /* Build configuration list for PBXProject "BabylonHealthDemo" */ = {
			isa = XCConfigurationList;
			buildConfigurations = (
				56A1530D1F9DEF100021E021 /* Debug */,
				56A1530E1F9DEF100021E021 /* Release */,
			);
			defaultConfigurationIsVisible = 0;
			defaultConfigurationName = Release;
		};
		56A1530F1F9DEF100021E021 /* Build configuration list for PBXNativeTarget "BabylonHealthDemo" */ = {
			isa = XCConfigurationList;
			buildConfigurations = (
				56A153101F9DEF100021E021 /* Debug */,
				56A153111F9DEF100021E021 /* Release */,
			);
			defaultConfigurationIsVisible = 0;
			defaultConfigurationName = Release;
		};
		56A153121F9DEF100021E021 /* Build configuration list for PBXNativeTarget "BabylonHealthDemoTests" */ = {
			isa = XCConfigurationList;
			buildConfigurations = (
				56A153131F9DEF100021E021 /* Debug */,
				56A153141F9DEF100021E021 /* Release */,
			);
			defaultConfigurationIsVisible = 0;
			defaultConfigurationName = Release;
		};
/* End XCConfigurationList section */
	};
	rootObject = 56A152EA1F9DEF100021E021 /* Project object */;
}
